<?xml version="1.0" encoding="utf-8"?>
<Project ToolsVersion="4.0" xmlns="http://schemas.microsoft.com/developer/msbuild/2003">
  <ItemGroup>
    <Filter Include="ソース ファイル">
      <UniqueIdentifier>{4FC737F1-C7A5-4376-A066-2A32D752A2FF}</UniqueIdentifier>
      <Extensions>cpp;c;cc;cxx;c++;cppm;ixx;def;odl;idl;hpj;bat;asm;asmx</Extensions>
    </Filter>
    <Filter Include="ヘッダー ファイル">
      <UniqueIdentifier>{93995380-89BD-4b04-88EB-625FBE52EBFB}</UniqueIdentifier>
      <Extensions>h;hh;hpp;hxx;h++;hm;inl;inc;ipp;xsd</Extensions>
    </Filter>
    <Filter Include="リソース ファイル">
      <UniqueIdentifier>{67DA6AB6-F800-4c08-8B7A-83BB121AAD01}</UniqueIdentifier>
      <Extensions>rc;ico;cur;bmp;dlg;rc2;rct;bin;rgs;gif;jpg;jpeg;jpe;resx;tiff;tif;png;wav;mfcribbon-ms</Extensions>
    </Filter>
    <Filter Include="shader">
      <UniqueIdentifier>{8e324f3e-d9bd-4249-9c60-e6135efcdf57}</UniqueIdentifier>
    </Filter>
    <Filter Include="ソース ファイル\Audio">
      <UniqueIdentifier>{f4379ad5-c160-4a07-a5d0-e0ddae4c0c7d}</UniqueIdentifier>
    </Filter>
    <Filter Include="ソース ファイル\Core">
      <UniqueIdentifier>{ac5511a0-aa28-478d-ac3a-7d78dcdd86fb}</UniqueIdentifier>
    </Filter>
    <Filter Include="ソース ファイル\Game">
      <UniqueIdentifier>{0043cd75-a340-4bc5-b7d6-a06dfc6798ec}</UniqueIdentifier>
    </Filter>
    <Filter Include="ソース ファイル\Game\Objects">
      <UniqueIdentifier>{6e41820b-33c6-4cdb-b7e7-60ee6f4b0467}</UniqueIdentifier>
    </Filter>
    <Filter Include="ソース ファイル\Game\Scene">
      <UniqueIdentifier>{b2198c16-3a30-4c4c-a032-df467714d211}</UniqueIdentifier>
    </Filter>
    <Filter Include="ソース ファイル\Graphics">
      <UniqueIdentifier>{4065734d-5f51-4261-8e06-e62cc8679d0d}</UniqueIdentifier>
    </Filter>
    <Filter Include="ソース ファイル\Math">
      <UniqueIdentifier>{33feb29b-a8fb-49ef-a34a-86e4896e38b8}</UniqueIdentifier>
    </Filter>
    <Filter Include="ソース ファイル\Physics">
      <UniqueIdentifier>{530f6584-5f13-450c-a194-1d74e718d208}</UniqueIdentifier>
    </Filter>
  </ItemGroup>
  <ItemGroup>
    <FxCompile Include="shader\src\DebugLinePS.hlsl">
      <Filter>shader</Filter>
    </FxCompile>
    <FxCompile Include="shader\src\DebugLineVS.hlsl">
      <Filter>shader</Filter>
    </FxCompile>
    <FxCompile Include="shader\src\BaseLitPS.hlsl">
      <Filter>shader</Filter>
    </FxCompile>
    <FxCompile Include="shader\src\BaseLitVS.hlsl">
      <Filter>shader</Filter>
    </FxCompile>
  </ItemGroup>
  <ItemGroup>
    <ClCompile Include="source\Audio\audio.cpp">
      <Filter>ソース ファイル\Audio</Filter>
    </ClCompile>
    <ClCompile Include="source\Audio\soundManager.cpp">
      <Filter>ソース ファイル\Audio</Filter>
    </ClCompile>
    <ClCompile Include="source\Core\GameObject.cpp">
      <Filter>ソース ファイル\Core</Filter>
    </ClCompile>
    <ClCompile Include="source\Core\Input.cpp">
      <Filter>ソース ファイル\Core</Filter>
    </ClCompile>
    <ClCompile Include="source\Core\main.cpp">
      <Filter>ソース ファイル\Core</Filter>
    </ClCompile>
    <ClCompile Include="source\Core\GameManager.cpp">
      <Filter>ソース ファイル\Core</Filter>
    </ClCompile>
    <ClCompile Include="source\Game\Objects\Ball.cpp">
      <Filter>ソース ファイル\Game\Objects</Filter>
    </ClCompile>
    <ClCompile Include="source\Game\Objects\Bumper.cpp">
      <Filter>ソース ファイル\Game\Objects</Filter>
    </ClCompile>
    <ClCompile Include="source\Game\Objects\Field.cpp">
      <Filter>ソース ファイル\Game\Objects</Filter>
    </ClCompile>
    <ClCompile Include="source\Game\Objects\FieldBuilder.cpp">
      <Filter>ソース ファイル\Game\Objects</Filter>
    </ClCompile>
    <ClCompile Include="source\Game\Objects\Flipper.cpp">
      <Filter>ソース ファイル\Game\Objects</Filter>
    </ClCompile>
    <ClCompile Include="source\Game\Objects\Hole.cpp">
      <Filter>ソース ファイル\Game\Objects</Filter>
    </ClCompile>
    <ClCompile Include="source\Game\Objects\ShockWave.cpp">
      <Filter>ソース ファイル\Game\Objects</Filter>
    </ClCompile>
    <ClCompile Include="source\Game\Scene\result.cpp">
      <Filter>ソース ファイル\Game\Scene</Filter>
    </ClCompile>
    <ClCompile Include="source\Game\Scene\title.cpp">
      <Filter>ソース ファイル\Game\Scene</Filter>
    </ClCompile>
    <ClCompile Include="source\Game\explosion.cpp">
      <Filter>ソース ファイル\Game</Filter>
    </ClCompile>
    <ClCompile Include="source\Game\score.cpp">
      <Filter>ソース ファイル\Game</Filter>
    </ClCompile>
    <ClCompile Include="source\Graphics\animationModel.cpp">
      <Filter>ソース ファイル\Graphics</Filter>
    </ClCompile>
    <ClCompile Include="source\Graphics\Camera.cpp">
      <Filter>ソース ファイル\Graphics</Filter>
    </ClCompile>
    <ClCompile Include="source\Graphics\modelRenderer.cpp">
      <Filter>ソース ファイル\Graphics</Filter>
    </ClCompile>
    <ClCompile Include="source\Graphics\polygon.cpp">
      <Filter>ソース ファイル\Graphics</Filter>
    </ClCompile>
    <ClCompile Include="source\Graphics\Renderer.cpp">
      <Filter>ソース ファイル\Graphics</Filter>
    </ClCompile>
    <ClCompile Include="source\Physics\BoxCollider.cpp">
      <Filter>ソース ファイル\Physics</Filter>
    </ClCompile>
    <ClCompile Include="source\Physics\Collider.cpp">
      <Filter>ソース ファイル\Physics</Filter>
    </ClCompile>
    <ClCompile Include="source\Physics\ColliderUtility.cpp">
      <Filter>ソース ファイル\Physics</Filter>
    </ClCompile>
    <ClCompile Include="source\Physics\RigidBody.cpp">
      <Filter>ソース ファイル\Physics</Filter>
    </ClCompile>
    <ClCompile Include="source\Physics\SphereCollider.cpp">
      <Filter>ソース ファイル\Physics</Filter>
    </ClCompile>
    <ClCompile Include="source\Game\Objects\EnemyBase.cpp">
      <Filter>ソース ファイル\Game\Objects</Filter>
    </ClCompile>
    <ClCompile Include="source\Game\Objects\EnemyManager.cpp">
      <Filter>ソース ファイル\Game\Objects</Filter>
    </ClCompile>
    <ClCompile Include="source\Game\Objects\EnemySpawner.cpp">
      <Filter>ソース ファイル\Game\Objects</Filter>
    </ClCompile>
    <ClCompile Include="source\Game\Objects\EnemyStraight.cpp">
      <Filter>ソース ファイル\Game\Objects</Filter>
    </ClCompile>
    <ClCompile Include="source\Core\TimeSystem.cpp">
      <Filter>ソース ファイル\Core</Filter>
    </ClCompile>
    <ClCompile Include="source\Game\HP.cpp">
      <Filter>ソース ファイル\Game</Filter>
    </ClCompile>
  </ItemGroup>
  <ItemGroup>
    <ClInclude Include="source\Audio\audio.h">
      <Filter>ソース ファイル\Audio</Filter>
    </ClInclude>
    <ClInclude Include="source\Audio\soundManager.h">
      <Filter>ソース ファイル\Audio</Filter>
    </ClInclude>
    <ClInclude Include="source\Core\component.h">
      <Filter>ソース ファイル\Core</Filter>
    </ClInclude>
    <ClInclude Include="source\Core\DirectXTex.h">
      <Filter>ソース ファイル\Core</Filter>
    </ClInclude>
    <ClInclude Include="source\Core\GameObject.h">
      <Filter>ソース ファイル\Core</Filter>
    </ClInclude>
    <ClInclude Include="source\Core\Input.h">
      <Filter>ソース ファイル\Core</Filter>
    </ClInclude>
    <ClInclude Include="source\Core\main.h">
      <Filter>ソース ファイル\Core</Filter>
    </ClInclude>
    <ClInclude Include="source\Core\GameManager.h">
      <Filter>ソース ファイル\Core</Filter>
    </ClInclude>
    <ClInclude Include="source\Core\Transform.h">
      <Filter>ソース ファイル\Core</Filter>
    </ClInclude>
    <ClInclude Include="source\Game\Objects\Ball.h">
      <Filter>ソース ファイル\Game\Objects</Filter>
    </ClInclude>
    <ClInclude Include="source\Game\Objects\Bumper.h">
      <Filter>ソース ファイル\Game\Objects</Filter>
    </ClInclude>
    <ClInclude Include="source\Game\Objects\Field.h">
      <Filter>ソース ファイル\Game\Objects</Filter>
    </ClInclude>
    <ClInclude Include="source\Game\Objects\FieldBuilder.h">
      <Filter>ソース ファイル\Game\Objects</Filter>
    </ClInclude>
    <ClInclude Include="source\Game\Objects\FieldLayout.h">
      <Filter>ソース ファイル\Game\Objects</Filter>
    </ClInclude>
    <ClInclude Include="source\Game\Objects\Flipper.h">
      <Filter>ソース ファイル\Game\Objects</Filter>
    </ClInclude>
    <ClInclude Include="source\Game\Objects\Hole.h">
      <Filter>ソース ファイル\Game\Objects</Filter>
    </ClInclude>
    <ClInclude Include="source\Game\Objects\ShockWave.h">
      <Filter>ソース ファイル\Game\Objects</Filter>
    </ClInclude>
    <ClInclude Include="source\Game\Scene\result.h">
      <Filter>ソース ファイル\Game\Scene</Filter>
    </ClInclude>
    <ClInclude Include="source\Game\Scene\title.h">
      <Filter>ソース ファイル\Game\Scene</Filter>
    </ClInclude>
    <ClInclude Include="source\Game\DebugSettings.h">
      <Filter>ソース ファイル\Game</Filter>
    </ClInclude>
    <ClInclude Include="source\Game\explosion.h">
      <Filter>ソース ファイル\Game</Filter>
    </ClInclude>
    <ClInclude Include="source\Game\score.h">
      <Filter>ソース ファイル\Game</Filter>
    </ClInclude>
    <ClInclude Include="source\Graphics\animationModel.h">
      <Filter>ソース ファイル\Graphics</Filter>
    </ClInclude>
    <ClInclude Include="source\Graphics\Camera.h">
      <Filter>ソース ファイル\Graphics</Filter>
    </ClInclude>
    <ClInclude Include="source\Graphics\MeshRenderer.h">
      <Filter>ソース ファイル\Graphics</Filter>
    </ClInclude>
    <ClInclude Include="source\Graphics\modelRenderer.h">
      <Filter>ソース ファイル\Graphics</Filter>
    </ClInclude>
    <ClInclude Include="source\Graphics\polygon.h">
      <Filter>ソース ファイル\Graphics</Filter>
    </ClInclude>
    <ClInclude Include="source\Graphics\Renderer.h">
      <Filter>ソース ファイル\Graphics</Filter>
    </ClInclude>
    <ClInclude Include="source\Math\MathUtil.h">
      <Filter>ソース ファイル\Math</Filter>
    </ClInclude>
    <ClInclude Include="source\Math\Vector3.h">
      <Filter>ソース ファイル\Math</Filter>
    </ClInclude>
    <ClInclude Include="source\Physics\BoxCollider.h">
      <Filter>ソース ファイル\Physics</Filter>
    </ClInclude>
    <ClInclude Include="source\Physics\Collider.h">
      <Filter>ソース ファイル\Physics</Filter>
    </ClInclude>
    <ClInclude Include="source\Physics\ColliderGroup.h">
      <Filter>ソース ファイル\Physics</Filter>
    </ClInclude>
    <ClInclude Include="source\Physics\ColliderUtility.h">
      <Filter>ソース ファイル\Physics</Filter>
    </ClInclude>
    <ClInclude Include="source\Physics\CollisionInfo.h">
      <Filter>ソース ファイル\Physics</Filter>
    </ClInclude>
    <ClInclude Include="source\Physics\RigidBody.h">
      <Filter>ソース ファイル\Physics</Filter>
    </ClInclude>
    <ClInclude Include="source\Physics\SphereCollider.h">
      <Filter>ソース ファイル\Physics</Filter>
    </ClInclude>
    <ClInclude Include="source\Game\Objects\EnemyBase.h">
      <Filter>ソース ファイル\Game\Objects</Filter>
    </ClInclude>
    <ClInclude Include="source\Game\Objects\EnemyManager.h">
      <Filter>ソース ファイル\Game\Objects</Filter>
    </ClInclude>
    <ClInclude Include="source\Game\Objects\EnemySpawner.h">
      <Filter>ソース ファイル\Game\Objects</Filter>
    </ClInclude>
    <ClInclude Include="source\Game\Objects\EnemyStraight.h">
      <Filter>ソース ファイル\Game\Objects</Filter>
    </ClInclude>
    <ClInclude Include="source\Game\Scene\Scene.h">
      <Filter>ソース ファイル\Game\Scene</Filter>
    </ClInclude>
    <ClInclude Include="source\Audio\SoundID.h">
      <Filter>ソース ファイル\Audio</Filter>
    </ClInclude>
    <ClInclude Include="source\Core\TimeSystem.h">
      <Filter>ソース ファイル\Core</Filter>
    </ClInclude>
    <ClInclude Include="source\Game\HP.h">
      <Filter>ソース ファイル\Game</Filter>
    </ClInclude>
  </ItemGroup>
  <ItemGroup>
    <None Include="source\Core\DirectXTex.inl">
      <Filter>ソース ファイル\Core</Filter>
    </None>
    <None Include="shader\src\BRDF_Toon.hlsli">
      <Filter>shader</Filter>
    </None>
    <None Include="shader\src\Common.hlsli">
      <Filter>shader</Filter>
    </None>
    <None Include="shader\src\Lighting.hlsli">
      <Filter>shader</Filter>
    </None>
    <None Include="shader\src\Material.hlsli">
      <Filter>shader</Filter>
    </None>
    <None Include="shader\src\Shading.hlsli">
      <Filter>shader</Filter>
    </None>
    <None Include="shader\src\BRDF_Arcade.hlsli">
      <Filter>shader</Filter>
    </None>
  </ItemGroup>
</Project>
